<Solution>
  <Project Path="ProductClientHub.Api/ProductClientHub.Api.csproj" Id="10d60bc3-13f0-43aa-a4da-57dd4239132b" />
  <Project Path="ProductClientHub.Communication/ProductClientHub.Communication.csproj" />
  <Project Path="ProductClientHub.Exceptions/ProductClientHub.Exceptions.csproj" Id="4917f485-603c-4e28-aeba-1adffbd657cd" />
</Solution>
